
Microsoft Visual Studio Solution File, Format Version 12.00
# Visual Studio Version 17
VisualStudioVersion = 17.11.35219.272
MinimumVisualStudioVersion = 10.0.40219.1
Project("{FAE04EC0-301F-11D3-BF4B-00C04F79EFBC}") = "eCommerce", "eCommerce.csproj", "{0FE9C1FF-271C-4674-A8B6-9A15D4967893}"
EndProject
Global
	GlobalSection(SolutionConfigurationPlatforms) = preSolution
		Debug|Any CPU = Debug|Any CPU
		Release|Any CPU = Release|Any CPU
	EndGlobalSection
	GlobalSection(ProjectConfigurationPlatforms) = postSolution
		{0FE9C1FF-271C-4674-A8B6-9A15D4967893}.Debug|Any CPU.ActiveCfg = Debug|Any CPU
		{0FE9C1FF-271C-4674-A8B6-9A15D4967893}.Debug|Any CPU.Build.0 = Debug|Any CPU
		{0FE9C1FF-271C-4674-A8B6-9A15D4967893}.Release|Any CPU.ActiveCfg = Release|Any CPU
		{0FE9C1FF-271C-4674-A8B6-9A15D4967893}.Release|Any CPU.Build.0 = Release|Any CPU
	EndGlobalSection
	GlobalSection(SolutionProperties) = preSolution
		HideSolutionNode = FALSE
	EndGlobalSection
	GlobalSection(ExtensibilityGlobals) = postSolution
		SolutionGuid = {6D7CD0AA-7118-4450-B258-797A4794FC97}
	EndGlobalSection
EndGlobal
